PODS:
  - FlutterMacOS (1.0.0)
  - proxy_getter (0.0.1):
    - FlutterMacOS

DEPENDENCIES:
  - FlutterMacOS (from `Flutter/ephemeral`)
  - proxy_getter (from `Flutter/ephemeral/.symlinks/plugins/proxy_getter/macos`)

EXTERNAL SOURCES:
  FlutterMacOS:
    :path: Flutter/ephemeral
  proxy_getter:
    :path: Flutter/ephemeral/.symlinks/plugins/proxy_getter/macos

SPEC CHECKSUMS:
  FlutterMacOS: d0db08ddef1a9af05a5ec4b724367152bb0500b1
  proxy_getter: 5687a846a29858a5af86bc93bfbd51b8c3cac101

PODFILE CHECKSUM: 54d867c82ac51cbd61b565781b9fada492027009

COCOAPODS: 1.16.2
